NeoBundleLock indentLine ea6548ead8e8fcec46fcff13993059678b5be9a2
NeoBundleLock neobundle.vim 0c31437b58831efa20a9623e78be25a90df8c8c8
NeoBundleLock neocomplcache d83bcbd0b142eb8de9d669ead26914cd7322a51c
NeoBundleLock neosnippet 044c9cb8ca46a5e27eec37198990c26fe707b02a
NeoBundleLock neosnippet-snippets f445b4026d5056ef97ca7e5e81a82880108485e9
NeoBundleLock nerdtree 3b98a7fcae8f9fff356907171f0406ff8cd28921
